
Microsoft Visual Studio Solution File, Format Version 12.00
# Visual Studio 15
VisualStudioVersion = 15.0.27130.2003
MinimumVisualStudioVersion = 10.0.40219.1
Project("{FAE04EC0-301F-11D3-BF4B-00C04F79EFBC}") = "LottoryUWP", "LottoryUWP\LottoryUWP.csproj", "{99607B0C-4BC0-41F6-93CE-29436A25E217}"
EndProject
Global
	GlobalSection(SolutionConfigurationPlatforms) = preSolution
		Debug|ARM = Debug|ARM
		Debug|x64 = Debug|x64
		Debug|x86 = Debug|x86
		Release|ARM = Release|ARM
		Release|x64 = Release|x64
		Release|x86 = Release|x86
	EndGlobalSection
	GlobalSection(ProjectConfigurationPlatforms) = postSolution
		{99607B0C-4BC0-41F6-93CE-29436A25E217}.Debug|ARM.ActiveCfg = Debug|ARM
		{99607B0C-4BC0-41F6-93CE-29436A25E217}.Debug|ARM.Build.0 = Debug|ARM
		{99607B0C-4BC0-41F6-93CE-29436A25E217}.Debug|ARM.Deploy.0 = Debug|ARM
		{99607B0C-4BC0-41F6-93CE-29436A25E217}.Debug|x64.ActiveCfg = Debug|x64
		{99607B0C-4BC0-41F6-93CE-29436A25E217}.Debug|x64.Build.0 = Debug|x64
		{99607B0C-4BC0-41F6-93CE-29436A25E217}.Debug|x64.Deploy.0 = Debug|x64
		{99607B0C-4BC0-41F6-93CE-29436A25E217}.Debug|x86.ActiveCfg = Debug|x86
		{99607B0C-4BC0-41F6-93CE-29436A25E217}.Debug|x86.Build.0 = Debug|x86
		{99607B0C-4BC0-41F6-93CE-29436A25E217}.Debug|x86.Deploy.0 = Debug|x86
		{99607B0C-4BC0-41F6-93CE-29436A25E217}.Release|ARM.ActiveCfg = Release|ARM
		{99607B0C-4BC0-41F6-93CE-29436A25E217}.Release|ARM.Build.0 = Release|ARM
		{99607B0C-4BC0-41F6-93CE-29436A25E217}.Release|ARM.Deploy.0 = Release|ARM
		{99607B0C-4BC0-41F6-93CE-29436A25E217}.Release|x64.ActiveCfg = Release|x64
		{99607B0C-4BC0-41F6-93CE-29436A25E217}.Release|x64.Build.0 = Release|x64
		{99607B0C-4BC0-41F6-93CE-29436A25E217}.Release|x64.Deploy.0 = Release|x64
		{99607B0C-4BC0-41F6-93CE-29436A25E217}.Release|x86.ActiveCfg = Release|x86
		{99607B0C-4BC0-41F6-93CE-29436A25E217}.Release|x86.Build.0 = Release|x86
		{99607B0C-4BC0-41F6-93CE-29436A25E217}.Release|x86.Deploy.0 = Release|x86
	EndGlobalSection
	GlobalSection(SolutionProperties) = preSolution
		HideSolutionNode = FALSE
	EndGlobalSection
	GlobalSection(ExtensibilityGlobals) = postSolution
		SolutionGuid = {D60CE14E-7D27-4200-9B86-E38BC3F6663A}
	EndGlobalSection
EndGlobal
